// !$*UTF8*$!
{
	archiveVersion = 1;
	classes = {
	};
	objectVersion = 46;
	objects = {

/* Begin PBXBuildFile section */
		135C3C6B1ED6CCA0002BDF54 /* bathroom.m4a in Resources */ = {isa = PBXBuildFile; fileRef = 135C3C691ED6CCA0002BDF54 /* bathroom.m4a */; };
		135C3C6C1ED6CCA0002BDF54 /* busstop.m4a in Resources */ = {isa = PBXBuildFile; fileRef = 135C3C6A1ED6CCA0002BDF54 /* busstop.m4a */; };
		138261C81EC46156000DB256 /* AppDelegate.swift in Sources */ = {isa = PBXBuildFile; fileRef = 138261C71EC46156000DB256 /* AppDelegate.swift */; };
		138261CA1EC46156000DB256 /* ViewController.swift in Sources */ = {isa = PBXBuildFile; fileRef = 138261C91EC46156000DB256 /* ViewController.swift */; };
		138261CD1EC46156000DB256 /* Main.storyboard in Resources */ = {isa = PBXBuildFile; fileRef = 138261CB1EC46156000DB256 /* Main.storyboard */; };
		138261CF1EC46156000DB256 /* Assets.xcassets in Resources */ = {isa = PBXBuildFile; fileRef = 138261CE1EC46156000DB256 /* Assets.xcassets */; };
		138261D21EC46156000DB256 /* LaunchScreen.storyboard in Resources */ = {isa = PBXBuildFile; fileRef = 138261D01EC46156000DB256 /* LaunchScreen.storyboard */; };
		138261DD1EC46156000DB256 /* TTOTests.swift in Sources */ = {isa = PBXBuildFile; fileRef = 138261DC1EC46156000DB256 /* TTOTests.swift */; };
		138261E81EC46156000DB256 /* TTOUITests.swift in Sources */ = {isa = PBXBuildFile; fileRef = 138261E71EC46156000DB256 /* TTOUITests.swift */; };
/* End PBXBuildFile section */

/* Begin PBXContainerItemProxy section */
		138261D91EC46156000DB256 /* PBXContainerItemProxy */ = {
			isa = PBXContainerItemProxy;
			containerPortal = 138261BC1EC46156000DB256 /* Project object */;
			proxyType = 1;
			remoteGlobalIDString = 138261C31EC46156000DB256;
			remoteInfo = TTO;
		};
		138261E41EC46156000DB256 /* PBXContainerItemProxy */ = {
			isa = PBXContainerItemProxy;
			containerPortal = 138261BC1EC46156000DB256 /* Project object */;
			proxyType = 1;
			remoteGlobalIDString = 138261C31EC46156000DB256;
			remoteInfo = TTO;
		};
/* End PBXContainerItemProxy section */

/* Begin PBXFileReference section */
		135C3C691ED6CCA0002BDF54 /* bathroom.m4a */ = {isa = PBXFileReference; lastKnownFileType = file; name = bathroom.m4a; path = ../../../Desktop/bathroom.m4a; sourceTree = "<group>"; };
		135C3C6A1ED6CCA0002BDF54 /* busstop.m4a */ = {isa = PBXFileReference; lastKnownFileType = file; name = busstop.m4a; path = ../../../Desktop/busstop.m4a; sourceTree = "<group>"; };
		138261C41EC46156000DB256 /* TTO.app */ = {isa = PBXFileReference; explicitFileType = wrapper.application; includeInIndex = 0; path = TTO.app; sourceTree = BUILT_PRODUCTS_DIR; };
		138261C71EC46156000DB256 /* AppDelegate.swift */ = {isa = PBXFileReference; lastKnownFileType = sourcecode.swift; path = AppDelegate.swift; sourceTree = "<group>"; };
		138261C91EC46156000DB256 /* ViewController.swift */ = {isa = PBXFileReference; lastKnownFileType = sourcecode.swift; path = ViewController.swift; sourceTree = "<group>"; };
		138261CC1EC46156000DB256 /* Base */ = {isa = PBXFileReference; lastKnownFileType = file.storyboard; name = Base; path = Base.lproj/Main.storyboard; sourceTree = "<group>"; };
		138261CE1EC46156000DB256 /* Assets.xcassets */ = {isa = PBXFileReference; lastKnownFileType = folder.assetcatalog; path = Assets.xcassets; sourceTree = "<group>"; };
		138261D11EC46156000DB256 /* Base */ = {isa = PBXFileReference; lastKnownFileType = file.storyboard; name = Base; path = Base.lproj/LaunchScreen.storyboard; sourceTree = "<group>"; };
		138261D31EC46156000DB256 /* Info.plist */ = {isa = PBXFileReference; lastKnownFileType = text.plist.xml; path = Info.plist; sourceTree = "<group>"; };
		138261D81EC46156000DB256 /* TTOTests.xctest */ = {isa = PBXFileReference; explicitFileType = wrapper.cfbundle; includeInIndex = 0; path = TTOTests.xctest; sourceTree = BUILT_PRODUCTS_DIR; };
		138261DC1EC46156000DB256 /* TTOTests.swift */ = {isa = PBXFileReference; lastKnownFileType = sourcecode.swift; path = TTOTests.swift; sourceTree = "<group>"; };
		138261DE1EC46156000DB256 /* Info.plist */ = {isa = PBXFileReference; lastKnownFileType = text.plist.xml; path = Info.plist; sourceTree = "<group>"; };
		138261E31EC46156000DB256 /* TTOUITests.xctest */ = {isa = PBXFileReference; explicitFileType = wrapper.cfbundle; includeInIndex = 0; path = TTOUITests.xctest; sourceTree = BUILT_PRODUCTS_DIR; };
		138261E71EC46156000DB256 /* TTOUITests.swift */ = {isa = PBXFileReference; lastKnownFileType = sourcecode.swift; path = TTOUITests.swift; sourceTree = "<group>"; };
		138261E91EC46156000DB256 /* Info.plist */ = {isa = PBXFileReference; lastKnownFileType = text.plist.xml; path = Info.plist; sourceTree = "<group>"; };
/* End PBXFileReference section */

/* Begin PBXFrameworksBuildPhase section */
		138261C11EC46156000DB256 /* Frameworks */ = {
			isa = PBXFrameworksBuildPhase;
			buildActionMask = 2147483647;
			files = (
			);
			runOnlyForDeploymentPostprocessing = 0;
		};
		138261D51EC46156000DB256 /* Frameworks */ = {
			isa = PBXFrameworksBuildPhase;
			buildActionMask = 2147483647;
			files = (
			);
			runOnlyForDeploymentPostprocessing = 0;
		};
		138261E01EC46156000DB256 /* Frameworks */ = {
			isa = PBXFrameworksBuildPhase;
			buildActionMask = 2147483647;
			files = (
			);
			runOnlyForDeploymentPostprocessing = 0;
		};
/* End PBXFrameworksBuildPhase section */

/* Begin PBXGroup section */
		138261BB1EC46156000DB256 = {
			isa = PBXGroup;
			children = (
				138261C61EC46156000DB256 /* TTO */,
				138261DB1EC46156000DB256 /* TTOTests */,
				138261E61EC46156000DB256 /* TTOUITests */,
				138261C51EC46156000DB256 /* Products */,
			);
			sourceTree = "<group>";
		};
		138261C51EC46156000DB256 /* Products */ = {
			isa = PBXGroup;
			children = (
				138261C41EC46156000DB256 /* TTO.app */,
				138261D81EC46156000DB256 /* TTOTests.xctest */,
				138261E31EC46156000DB256 /* TTOUITests.xctest */,
			);
			name = Products;
			sourceTree = "<group>";
		};
		138261C61EC46156000DB256 /* TTO */ = {
			isa = PBXGroup;
			children = (
				135C3C691ED6CCA0002BDF54 /* bathroom.m4a */,
				135C3C6A1ED6CCA0002BDF54 /* busstop.m4a */,
				138261C71EC46156000DB256 /* AppDelegate.swift */,
				138261C91EC46156000DB256 /* ViewController.swift */,
				138261CB1EC46156000DB256 /* Main.storyboard */,
				138261CE1EC46156000DB256 /* Assets.xcassets */,
				138261D01EC46156000DB256 /* LaunchScreen.storyboard */,
				138261D31EC46156000DB256 /* Info.plist */,
			);
			path = TTO;
			sourceTree = "<group>";
		};
		138261DB1EC46156000DB256 /* TTOTests */ = {
			isa = PBXGroup;
			children = (
				138261DC1EC46156000DB256 /* TTOTests.swift */,
				138261DE1EC46156000DB256 /* Info.plist */,
			);
			path = TTOTests;
			sourceTree = "<group>";
		};
		138261E61EC46156000DB256 /* TTOUITests */ = {
			isa = PBXGroup;
			children = (
				138261E71EC46156000DB256 /* TTOUITests.swift */,
				138261E91EC46156000DB256 /* Info.plist */,
			);
			path = TTOUITests;
			sourceTree = "<group>";
		};
/* End PBXGroup section */

/* Begin PBXNativeTarget section */
		138261C31EC46156000DB256 /* TTO */ = {
			isa = PBXNativeTarget;
			buildConfigurationList = 138261EC1EC46156000DB256 /* Build configuration list for PBXNativeTarget "TTO" */;
			buildPhases = (
				138261C01EC46156000DB256 /* Sources */,
				138261C11EC46156000DB256 /* Frameworks */,
				138261C21EC46156000DB256 /* Resources */,
			);
			buildRules = (
			);
			dependencies = (
			);
			name = TTO;
			productName = TTO;
			productReference = 138261C41EC46156000DB256 /* TTO.app */;
			productType = "com.apple.product-type.application";
		};
		138261D71EC46156000DB256 /* TTOTests */ = {
			isa = PBXNativeTarget;
			buildConfigurationList = 138261EF1EC46156000DB256 /* Build configuration list for PBXNativeTarget "TTOTests" */;
			buildPhases = (
				138261D41EC46156000DB256 /* Sources */,
				138261D51EC46156000DB256 /* Frameworks */,
				138261D61EC46156000DB256 /* Resources */,
			);
			buildRules = (
			);
			dependencies = (
				138261DA1EC46156000DB256 /* PBXTargetDependency */,
			);
			name = TTOTests;
			productName = TTOTests;
			productReference = 138261D81EC46156000DB256 /* TTOTests.xctest */;
			productType = "com.apple.product-type.bundle.unit-test";
		};
		138261E21EC46156000DB256 /* TTOUITests */ = {
			isa = PBXNativeTarget;
			buildConfigurationList = 138261F21EC46156000DB256 /* Build configuration list for PBXNativeTarget "TTOUITests" */;
			buildPhases = (
				138261DF1EC46156000DB256 /* Sources */,
				138261E01EC46156000DB256 /* Frameworks */,
				138261E11EC46156000DB256 /* Resources */,
			);
			buildRules = (
			);
			dependencies = (
				138261E51EC46156000DB256 /* PBXTargetDependency */,
			);
			name = TTOUITests;
			productName = TTOUITests;
			productReference = 138261E31EC46156000DB256 /* TTOUITests.xctest */;
			productType = "com.apple.product-type.bundle.ui-testing";
		};
/* End PBXNativeTarget section */

/* Begin PBXProject section */
		138261BC1EC46156000DB256 /* Project object */ = {
			isa = PBXProject;
			attributes = {
				LastSwiftUpdateCheck = 0830;
				LastUpgradeCheck = 0830;
				ORGANIZATIONNAME = kkw;
				TargetAttributes = {
					138261C31EC46156000DB256 = {
						CreatedOnToolsVersion = 8.3.2;
						ProvisioningStyle = Automatic;
					};
					138261D71EC46156000DB256 = {
						CreatedOnToolsVersion = 8.3.2;
						ProvisioningStyle = Automatic;
						TestTargetID = 138261C31EC46156000DB256;
					};
					138261E21EC46156000DB256 = {
						CreatedOnToolsVersion = 8.3.2;
						ProvisioningStyle = Automatic;
						TestTargetID = 138261C31EC46156000DB256;
					};
				};
			};
			buildConfigurationList = 138261BF1EC46156000DB256 /* Build configuration list for PBXProject "TTO" */;
			compatibilityVersion = "Xcode 3.2";
			developmentRegion = English;
			hasScannedForEncodings = 0;
			knownRegions = (
				en,
				Base,
			);
			mainGroup = 138261BB1EC46156000DB256;
			productRefGroup = 138261C51EC46156000DB256 /* Products */;
			projectDirPath = "";
			projectRoot = "";
			targets = (
				138261C31EC46156000DB256 /* TTO */,
				138261D71EC46156000DB256 /* TTOTests */,
				138261E21EC46156000DB256 /* TTOUITests */,
			);
		};
/* End PBXProject section */

/* Begin PBXResourcesBuildPhase section */
		138261C21EC46156000DB256 /* Resources */ = {
			isa = PBXResourcesBuildPhase;
			buildActionMask = 2147483647;
			files = (
				135C3C6B1ED6CCA0002BDF54 /* bathroom.m4a in Resources */,
				138261D21EC46156000DB256 /* LaunchScreen.storyboard in Resources */,
				138261CF1EC46156000DB256 /* Assets.xcassets in Resources */,
				138261CD1EC46156000DB256 /* Main.storyboard in Resources */,
				135C3C6C1ED6CCA0002BDF54 /* busstop.m4a in Resources */,
			);
			runOnlyForDeploymentPostprocessing = 0;
		};
		138261D61EC46156000DB256 /* Resources */ = {
			isa = PBXResourcesBuildPhase;
			buildActionMask = 2147483647;
			files = (
			);
			runOnlyForDeploymentPostprocessing = 0;
		};
		138261E11EC46156000DB256 /* Resources */ = {
			isa = PBXResourcesBuildPhase;
			buildActionMask = 2147483647;
			files = (
			);
			runOnlyForDeploymentPostprocessing = 0;
		};
/* End PBXResourcesBuildPhase section */

/* Begin PBXSourcesBuildPhase section */
		138261C01EC46156000DB256 /* Sources */ = {
			isa = PBXSourcesBuildPhase;
			buildActionMask = 2147483647;
			files = (
				138261CA1EC46156000DB256 /* ViewController.swift in Sources */,
				138261C81EC46156000DB256 /* AppDelegate.swift in Sources */,
			);
			runOnlyForDeploymentPostprocessing = 0;
		};
		138261D41EC46156000DB256 /* Sources */ = {
			isa = PBXSourcesBuildPhase;
			buildActionMask = 2147483647;
			files = (
				138261DD1EC46156000DB256 /* TTOTests.swift in Sources */,
			);
			runOnlyForDeploymentPostprocessing = 0;
		};
		138261DF1EC46156000DB256 /* Sources */ = {
			isa = PBXSourcesBuildPhase;
			buildActionMask = 2147483647;
			files = (
				138261E81EC46156000DB256 /* TTOUITests.swift in Sources */,
			);
			runOnlyForDeploymentPostprocessing = 0;
		};
/* End PBXSourcesBuildPhase section */

/* Begin PBXTargetDependency section */
		138261DA1EC46156000DB256 /* PBXTargetDependency */ = {
			isa = PBXTargetDependency;
			target = 138261C31EC46156000DB256 /* TTO */;
			targetProxy = 138261D91EC46156000DB256 /* PBXContainerItemProxy */;
		};
		138261E51EC46156000DB256 /* PBXTargetDependency */ = {
			isa = PBXTargetDependency;
			target = 138261C31EC46156000DB256 /* TTO */;
			targetProxy = 138261E41EC46156000DB256 /* PBXContainerItemProxy */;
		};
/* End PBXTargetDependency section */

/* Begin PBXVariantGroup section */
		138261CB1EC46156000DB256 /* Main.storyboard */ = {
			isa = PBXVariantGroup;
			children = (
				138261CC1EC46156000DB256 /* Base */,
			);
			name = Main.storyboard;
			sourceTree = "<group>";
		};
		138261D01EC46156000DB256 /* LaunchScreen.storyboard */ = {
			isa = PBXVariantGroup;
			children = (
				138261D11EC46156000DB256 /* Base */,
			);
			name = LaunchScreen.storyboard;
			sourceTree = "<group>";
		};
/* End PBXVariantGroup section */

/* Begin XCBuildConfiguration section */
		138261EA1EC46156000DB256 /* Debug */ = {
			isa = XCBuildConfiguration;
			buildSettings = {
				ALWAYS_SEARCH_USER_PATHS = NO;
				CLANG_ANALYZER_NONNULL = YES;
				CLANG_ANALYZER_NUMBER_OBJECT_CONVERSION = YES_AGGRESSIVE;
				CLANG_CXX_LANGUAGE_STANDARD = "gnu++0x";
				CLANG_CXX_LIBRARY = "libc++";
				CLANG_ENABLE_MODULES = YES;
				CLANG_ENABLE_OBJC_ARC = YES;
				CLANG_WARN_BOOL_CONVERSION = YES;
				CLANG_WARN_CONSTANT_CONVERSION = YES;
				CLANG_WARN_DIRECT_OBJC_ISA_USAGE = YES_ERROR;
				CLANG_WARN_DOCUMENTATION_COMMENTS = YES;
				CLANG_WARN_EMPTY_BODY = YES;
				CLANG_WARN_ENUM_CONVERSION = YES;
				CLANG_WARN_INFINITE_RECURSION = YES;
				CLANG_WARN_INT_CONVERSION = YES;
				CLANG_WARN_OBJC_ROOT_CLASS = YES_ERROR;
				CLANG_WARN_SUSPICIOUS_MOVE = YES;
				CLANG_WARN_UNREACHABLE_CODE = YES;
				CLANG_WARN__DUPLICATE_METHOD_MATCH = YES;
				"CODE_SIGN_IDENTITY[sdk=iphoneos*]" = "iPhone Developer";
				COPY_PHASE_STRIP = NO;
				DEBUG_INFORMATION_FORMAT = dwarf;
				ENABLE_STRICT_OBJC_MSGSEND = YES;
				ENABLE_TESTABILITY = YES;
				GCC_C_LANGUAGE_STANDARD = gnu99;
				GCC_DYNAMIC_NO_PIC = NO;
				GCC_NO_COMMON_BLOCKS = YES;
				GCC_OPTIMIZATION_LEVEL = 0;
				GCC_PREPROCESSOR_DEFINITIONS = (
					"DEBUG=1",
					"$(inherited)",
				);
				GCC_WARN_64_TO_32_BIT_CONVERSION = YES;
				GCC_WARN_ABOUT_RETURN_TYPE = YES_ERROR;
				GCC_WARN_UNDECLARED_SELECTOR = YES;
				GCC_WARN_UNINITIALIZED_AUTOS = YES_AGGRESSIVE;
				GCC_WARN_UNUSED_FUNCTION = YES;
				GCC_WARN_UNUSED_VARIABLE = YES;
				IPHONEOS_DEPLOYMENT_TARGET = 10.3;
				MTL_ENABLE_DEBUG_INFO = YES;
				ONLY_ACTIVE_ARCH = YES;
				SDKROOT = iphoneos;
				SWIFT_ACTIVE_COMPILATION_CONDITIONS = DEBUG;
				SWIFT_OPTIMIZATION_LEVEL = "-Onone";
				TARGETED_DEVICE_FAMILY = "1,2";
			};
			name = Debug;
		};
		138261EB1EC46156000DB256 /* Release */ = {
			isa = XCBuildConfiguration;
			buildSettings = {
				ALWAYS_SEARCH_USER_PATHS = NO;
				CLANG_ANALYZER_NONNULL = YES;
				CLANG_ANALYZER_NUMBER_OBJECT_CONVERSION = YES_AGGRESSIVE;
				CLANG_CXX_LANGUAGE_STANDARD = "gnu++0x";
				CLANG_CXX_LIBRARY = "libc++";
				CLANG_ENABLE_MODULES = YES;
				CLANG_ENABLE_OBJC_ARC = YES;
				CLANG_WARN_BOOL_CONVERSION = YES;
				CLANG_WARN_CONSTANT_CONVERSION = YES;
				CLANG_WARN_DIRECT_OBJC_ISA_USAGE = YES_ERROR;
				CLANG_WARN_DOCUMENTATION_COMMENTS = YES;
				CLANG_WARN_EMPTY_BODY = YES;
				CLANG_WARN_ENUM_CONVERSION = YES;
				CLANG_WARN_INFINITE_RECURSION = YES;
				CLANG_WARN_INT_CONVERSION = YES;
				CLANG_WARN_OBJC_ROOT_CLASS = YES_ERROR;
				CLANG_WARN_SUSPICIOUS_MOVE = YES;
				CLANG_WARN_UNREACHABLE_CODE = YES;
				CLANG_WARN__DUPLICATE_METHOD_MATCH = YES;
				"CODE_SIGN_IDENTITY[sdk=iphoneos*]" = "iPhone Developer";
				COPY_PHASE_STRIP = NO;
				DEBUG_INFORMATION_FORMAT = "dwarf-with-dsym";
				ENABLE_NS_ASSERTIONS = NO;
				ENABLE_STRICT_OBJC_MSGSEND = YES;
				GCC_C_LANGUAGE_STANDARD = gnu99;
				GCC_NO_COMMON_BLOCKS = YES;
				GCC_WARN_64_TO_32_BIT_CONVERSION = YES;
				GCC_WARN_ABOUT_RETURN_TYPE = YES_ERROR;
				GCC_WARN_UNDECLARED_SELECTOR = YES;
				GCC_WARN_UNINITIALIZED_AUTOS = YES_AGGRESSIVE;
				GCC_WARN_UNUSED_FUNCTION = YES;
				GCC_WARN_UNUSED_VARIABLE = YES;
				IPHONEOS_DEPLOYMENT_TARGET = 10.3;
				MTL_ENABLE_DEBUG_INFO = NO;
				SDKROOT = iphoneos;
				SWIFT_OPTIMIZATION_LEVEL = "-Owholemodule";
				TARGETED_DEVICE_FAMILY = "1,2";
				VALIDATE_PRODUCT = YES;
			};
			name = Release;
		};
		138261ED1EC46156000DB256 /* Debug */ = {
			isa = XCBuildConfiguration;
			buildSettings = {
				ASSETCATALOG_COMPILER_APPICON_NAME = AppIcon;
				INFOPLIST_FILE = TTO/Info.plist;
				LD_RUNPATH_SEARCH_PATHS = "$(inherited) @executable_path/Frameworks";
				PRODUCT_BUNDLE_IDENTIFIER = com.kkw.TTO;
				PRODUCT_NAME = "$(TARGET_NAME)";
				SWIFT_VERSION = 3.0;
			};
			name = Debug;
		};
		138261EE1EC46156000DB256 /* Release */ = {
			isa = XCBuildConfiguration;
			buildSettings = {
				ASSETCATALOG_COMPILER_APPICON_NAME = AppIcon;
				INFOPLIST_FILE = TTO/Info.plist;
				LD_RUNPATH_SEARCH_PATHS = "$(inherited) @executable_path/Frameworks";
				PRODUCT_BUNDLE_IDENTIFIER = com.kkw.TTO;
				PRODUCT_NAME = "$(TARGET_NAME)";
				SWIFT_VERSION = 3.0;
			};
			name = Release;
		};
		138261F01EC46156000DB256 /* Debug */ = {
			isa = XCBuildConfiguration;
			buildSettings = {
				ALWAYS_EMBED_SWIFT_STANDARD_LIBRARIES = YES;
				BUNDLE_LOADER = "$(TEST_HOST)";
				INFOPLIST_FILE = TTOTests/Info.plist;
				LD_RUNPATH_SEARCH_PATHS = "$(inherited) @executable_path/Frameworks @loader_path/Frameworks";
				PRODUCT_BUNDLE_IDENTIFIER = com.kkw.TTOTests;
				PRODUCT_NAME = "$(TARGET_NAME)";
				SWIFT_VERSION = 3.0;
				TEST_HOST = "$(BUILT_PRODUCTS_DIR)/TTO.app/TTO";
			};
			name = Debug;
		};
		138261F11EC46156000DB256 /* Release */ = {
			isa = XCBuildConfiguration;
			buildSettings = {
				ALWAYS_EMBED_SWIFT_STANDARD_LIBRARIES = YES;
				BUNDLE_LOADER = "$(TEST_HOST)";
				INFOPLIST_FILE = TTOTests/Info.plist;
				LD_RUNPATH_SEARCH_PATHS = "$(inherited) @executable_path/Frameworks @loader_path/Frameworks";
				PRODUCT_BUNDLE_IDENTIFIER = com.kkw.TTOTests;
				PRODUCT_NAME = "$(TARGET_NAME)";
				SWIFT_VERSION = 3.0;
				TEST_HOST = "$(BUILT_PRODUCTS_DIR)/TTO.app/TTO";
			};
			name = Release;
		};
		138261F31EC46156000DB256 /* Debug */ = {
			isa = XCBuildConfiguration;
			buildSettings = {
				ALWAYS_EMBED_SWIFT_STANDARD_LIBRARIES = YES;
				INFOPLIST_FILE = TTOUITests/Info.plist;
				LD_RUNPATH_SEARCH_PATHS = "$(inherited) @executable_path/Frameworks @loader_path/Frameworks";
				PRODUCT_BUNDLE_IDENTIFIER = com.kkw.TTOUITests;
				PRODUCT_NAME = "$(TARGET_NAME)";
				SWIFT_VERSION = 3.0;
				TEST_TARGET_NAME = TTO;
			};
			name = Debug;
		};
		138261F41EC46156000DB256 /* Release */ = {
			isa = XCBuildConfiguration;
			buildSettings = {
				ALWAYS_EMBED_SWIFT_STANDARD_LIBRARIES = YES;
				INFOPLIST_FILE = TTOUITests/Info.plist;
				LD_RUNPATH_SEARCH_PATHS = "$(inherited) @executable_path/Frameworks @loader_path/Frameworks";
				PRODUCT_BUNDLE_IDENTIFIER = com.kkw.TTOUITests;
				PRODUCT_NAME = "$(TARGET_NAME)";
				SWIFT_VERSION = 3.0;
				TEST_TARGET_NAME = TTO;
			};
			name = Release;
		};
/* End XCBuildConfiguration section */

/* Begin XCConfigurationList section */
		138261BF1EC46156000DB256 /* Build configuration list for PBXProject "TTO" */ = {
			isa = XCConfigurationList;
			buildConfigurations = (
				138261EA1EC46156000DB256 /* Debug */,
				138261EB1EC46156000DB256 /* Release */,
			);
			defaultConfigurationIsVisible = 0;
			defaultConfigurationName = Release;
		};
		138261EC1EC46156000DB256 /* Build configuration list for PBXNativeTarget "TTO" */ = {
			isa = XCConfigurationList;
			buildConfigurations = (
				138261ED1EC46156000DB256 /* Debug */,
				138261EE1EC46156000DB256 /* Release */,
			);
			defaultConfigurationIsVisible = 0;
			defaultConfigurationName = Release;
		};
		138261EF1EC46156000DB256 /* Build configuration list for PBXNativeTarget "TTOTests" */ = {
			isa = XCConfigurationList;
			buildConfigurations = (
				138261F01EC46156000DB256 /* Debug */,
				138261F11EC46156000DB256 /* Release */,
			);
			defaultConfigurationIsVisible = 0;
			defaultConfigurationName = Release;
		};
		138261F21EC46156000DB256 /* Build configuration list for PBXNativeTarget "TTOUITests" */ = {
			isa = XCConfigurationList;
			buildConfigurations = (
				138261F31EC46156000DB256 /* Debug */,
				138261F41EC46156000DB256 /* Release */,
			);
			defaultConfigurationIsVisible = 0;
			defaultConfigurationName = Release;
		};
/* End XCConfigurationList section */
	};
	rootObject = 138261BC1EC46156000DB256 /* Project object */;
}
